PODS:
  - bitbox_flutter (0.0.1):
    - Flutter
  - Flutter (1.0.0)
  - flutter_idensic_mobile_sdk_plugin (1.42.0):
    - Flutter
    - IdensicMobileSDK (= 1.42.0)
  - flutter_inappwebview_ios (0.0.1):
    - Flutter
    - flutter_inappwebview_ios/Core (= 0.0.1)
    - OrderedSet (~> 6.0.3)
  - flutter_inappwebview_ios/Core (0.0.1):
    - Flutter
    - OrderedSet (~> 6.0.3)
  - flutter_secure_storage (6.0.0):
    - Flutter
  - IdensicMobileSDK (1.42.0):
    - IdensicMobileSDK/Default (= 1.42.0)
  - IdensicMobileSDK/Core (1.42.0)
  - IdensicMobileSDK/Default (1.42.0):
    - IdensicMobileSDK/Core
  - open_file_ios (1.0.3):
    - Flutter
  - OrderedSet (6.0.3)

DEPENDENCIES:
  - bitbox_flutter (from `.symlinks/plugins/bitbox_flutter/ios`)
  - Flutter (from `Flutter`)
  - flutter_idensic_mobile_sdk_plugin (from `.symlinks/plugins/flutter_idensic_mobile_sdk_plugin/ios`)
  - flutter_inappwebview_ios (from `.symlinks/plugins/flutter_inappwebview_ios/ios`)
  - flutter_secure_storage (from `.symlinks/plugins/flutter_secure_storage/ios`)
  - open_file_ios (from `.symlinks/plugins/open_file_ios/ios`)

SPEC REPOS:
  https://github.com/SumSubstance/Specs.git:
    - IdensicMobileSDK
  trunk:
    - OrderedSet

EXTERNAL SOURCES:
  bitbox_flutter:
    :path: ".symlinks/plugins/bitbox_flutter/ios"
  Flutter:
    :path: Flutter
  flutter_idensic_mobile_sdk_plugin:
    :path: ".symlinks/plugins/flutter_idensic_mobile_sdk_plugin/ios"
  flutter_inappwebview_ios:
    :path: ".symlinks/plugins/flutter_inappwebview_ios/ios"
  flutter_secure_storage:
    :path: ".symlinks/plugins/flutter_secure_storage/ios"
  open_file_ios:
    :path: ".symlinks/plugins/open_file_ios/ios"

SPEC CHECKSUMS:
  bitbox_flutter: fdc8a31424da25cdb5004a33e593aaf77edb2d0b
  Flutter: 71a624a5bc0c04062bf19101d501e466baf2fb47
  flutter_idensic_mobile_sdk_plugin: 99510fa7e95f6825ce63feaa3ca638a8b696b47d
  flutter_inappwebview_ios: b89ba3482b96fb25e00c967aae065701b66e9b99
  flutter_secure_storage: 1ed9476fba7e7a782b22888f956cce43e2c62f13
  IdensicMobileSDK: a8ec2cf5c216ae138b00e2ff32e0e31c5e366cec
  open_file_ios: 46184d802ee7959203f6392abcfa0dd49fdb5be0
  OrderedSet: e539b66b644ff081c73a262d24ad552a69be3a94

PODFILE CHECKSUM: 55e9da7f5c3e910c15c7cf840ae7c6a785e95b52

COCOAPODS: 1.17.0
