PODS:
  - bitbox_flutter (0.0.1):
    - Flutter
  - Flutter (1.0.0)
  - flutter_idensic_mobile_sdk_plugin (1.40.2):
    - Flutter
    - IdensicMobileSDK (= 1.40.2)
  - flutter_inappwebview_ios (0.0.1):
    - Flutter
    - flutter_inappwebview_ios/Core (= 0.0.1)
    - OrderedSet (~> 6.0.3)
  - flutter_inappwebview_ios/Core (0.0.1):
    - Flutter
    - OrderedSet (~> 6.0.3)
  - flutter_native_splash (2.4.3):
    - Flutter
  - flutter_secure_storage (6.0.0):
    - Flutter
  - IdensicMobileSDK (1.40.2):
    - IdensicMobileSDK/Default (= 1.40.2)
  - IdensicMobileSDK/Core (1.40.2)
  - IdensicMobileSDK/Default (1.40.2):
    - IdensicMobileSDK/Core
  - local_auth_darwin (0.0.1):
    - Flutter
    - FlutterMacOS
  - mobile_scanner (7.0.0):
    - Flutter
    - FlutterMacOS
  - open_file_ios (1.0.3):
    - Flutter
  - OrderedSet (6.0.3)
  - path_provider_foundation (0.0.1):
    - Flutter
    - FlutterMacOS
  - shared_preferences_foundation (0.0.1):
    - Flutter
    - FlutterMacOS
  - SQLCipher (4.10.0):
    - SQLCipher/standard (= 4.10.0)
  - SQLCipher/common (4.10.0)
  - SQLCipher/standard (4.10.0):
    - SQLCipher/common
  - sqlcipher_flutter_libs (0.0.1):
    - Flutter
    - SQLCipher (~> 4.10.0)
  - url_launcher_ios (0.0.1):
    - Flutter

DEPENDENCIES:
  - bitbox_flutter (from `.symlinks/plugins/bitbox_flutter/ios`)
  - Flutter (from `Flutter`)
  - flutter_idensic_mobile_sdk_plugin (from `.symlinks/plugins/flutter_idensic_mobile_sdk_plugin/ios`)
  - flutter_inappwebview_ios (from `.symlinks/plugins/flutter_inappwebview_ios/ios`)
  - flutter_native_splash (from `.symlinks/plugins/flutter_native_splash/ios`)
  - flutter_secure_storage (from `.symlinks/plugins/flutter_secure_storage/ios`)
  - local_auth_darwin (from `.symlinks/plugins/local_auth_darwin/darwin`)
  - mobile_scanner (from `.symlinks/plugins/mobile_scanner/darwin`)
  - open_file_ios (from `.symlinks/plugins/open_file_ios/ios`)
  - path_provider_foundation (from `.symlinks/plugins/path_provider_foundation/darwin`)
  - shared_preferences_foundation (from `.symlinks/plugins/shared_preferences_foundation/darwin`)
  - sqlcipher_flutter_libs (from `.symlinks/plugins/sqlcipher_flutter_libs/ios`)
  - url_launcher_ios (from `.symlinks/plugins/url_launcher_ios/ios`)

SPEC REPOS:
  https://github.com/SumSubstance/Specs.git:
    - IdensicMobileSDK
  trunk:
    - OrderedSet
    - SQLCipher

EXTERNAL SOURCES:
  bitbox_flutter:
    :path: ".symlinks/plugins/bitbox_flutter/ios"
  Flutter:
    :path: Flutter
  flutter_idensic_mobile_sdk_plugin:
    :path: ".symlinks/plugins/flutter_idensic_mobile_sdk_plugin/ios"
  flutter_inappwebview_ios:
    :path: ".symlinks/plugins/flutter_inappwebview_ios/ios"
  flutter_native_splash:
    :path: ".symlinks/plugins/flutter_native_splash/ios"
  flutter_secure_storage:
    :path: ".symlinks/plugins/flutter_secure_storage/ios"
  local_auth_darwin:
    :path: ".symlinks/plugins/local_auth_darwin/darwin"
  mobile_scanner:
    :path: ".symlinks/plugins/mobile_scanner/darwin"
  open_file_ios:
    :path: ".symlinks/plugins/open_file_ios/ios"
  path_provider_foundation:
    :path: ".symlinks/plugins/path_provider_foundation/darwin"
  shared_preferences_foundation:
    :path: ".symlinks/plugins/shared_preferences_foundation/darwin"
  sqlcipher_flutter_libs:
    :path: ".symlinks/plugins/sqlcipher_flutter_libs/ios"
  url_launcher_ios:
    :path: ".symlinks/plugins/url_launcher_ios/ios"

SPEC CHECKSUMS:
  bitbox_flutter: 9505732798041c413152669751beeaecc5fe400f
  Flutter: cabc95a1d2626b1b06e7179b784ebcf0c0cde467
  flutter_idensic_mobile_sdk_plugin: 633a89f8ae7ee028863d2df1da959847b426f0c3
  flutter_inappwebview_ios: b89ba3482b96fb25e00c967aae065701b66e9b99
  flutter_native_splash: c32d145d68aeda5502d5f543ee38c192065986cf
  flutter_secure_storage: 1ed9476fba7e7a782b22888f956cce43e2c62f13
  IdensicMobileSDK: 00b13320e1b1e0574e68475bd0fbc7cd30fce26e
  local_auth_darwin: c3ee6cce0a8d56be34c8ccb66ba31f7f180aaebb
  mobile_scanner: 9157936403f5a0644ca3779a38ff8404c5434a93
  open_file_ios: 46184d802ee7959203f6392abcfa0dd49fdb5be0
  OrderedSet: e539b66b644ff081c73a262d24ad552a69be3a94
  path_provider_foundation: bb55f6dbba17d0dccd6737fe6f7f34fbd0376880
  shared_preferences_foundation: 7036424c3d8ec98dfe75ff1667cb0cd531ec82bb
  SQLCipher: eb79c64049cb002b4e9fcb30edb7979bf4706dfc
  sqlcipher_flutter_libs: ae224763b087bffb3a5955fe295a1c460d458cb1
  url_launcher_ios: 7a95fa5b60cc718a708b8f2966718e93db0cef1b

PODFILE CHECKSUM: 9a31b15cb3d40f6d27fe06ce9f0de1785bb2265a

COCOAPODS: 1.16.2
